// !$*UTF8*$!
{
	archiveVersion = 1;
	classes = {
	};
	objectVersion = 77;
	objects = {

/* Begin PBXBuildFile section */
		B0121DC82E03E34600FAD85D /* Secrets.plist in Resources */ = {isa = PBXBuildFile; fileRef = B0121DC72E03E34600FAD85D /* Secrets.plist */; };
		B01411FE2E12551E00157374 /* KakaoSDK in Frameworks */ = {isa = PBXBuildFile; productRef = B01411FD2E12551E00157374 /* KakaoSDK */; };
		B01412002E12551E00157374 /* KakaoSDKAuth in Frameworks */ = {isa = PBXBuildFile; productRef = B01411FF2E12551E00157374 /* KakaoSDKAuth */; };
		B01412032E1255F000157374 /* KakaoSDKUser in Frameworks */ = {isa = PBXBuildFile; productRef = B01412022E1255F000157374 /* KakaoSDKUser */; };
		B01412092E13C81A00157374 /* FirebaseFunctions in Frameworks */ = {isa = PBXBuildFile; productRef = B01412082E13C81A00157374 /* FirebaseFunctions */; };
		B0EFEA562E0FBD3100B88159 /* FirebaseAnalyticsWithoutAdIdSupport in Frameworks */ = {isa = PBXBuildFile; productRef = B0EFEA552E0FBD3100B88159 /* FirebaseAnalyticsWithoutAdIdSupport */; };
		B0EFEA582E0FBD3100B88159 /* FirebaseAuth in Frameworks */ = {isa = PBXBuildFile; productRef = B0EFEA572E0FBD3100B88159 /* FirebaseAuth */; };
		B0EFEA5A2E0FBD3100B88159 /* FirebaseCore in Frameworks */ = {isa = PBXBuildFile; productRef = B0EFEA592E0FBD3100B88159 /* FirebaseCore */; };
		B0EFEA5C2E0FBD3100B88159 /* FirebaseFirestore in Frameworks */ = {isa = PBXBuildFile; productRef = B0EFEA5B2E0FBD3100B88159 /* FirebaseFirestore */; };
		B0EFEA5E2E0FBD3100B88159 /* FirebaseStorage in Frameworks */ = {isa = PBXBuildFile; productRef = B0EFEA5D2E0FBD3100B88159 /* FirebaseStorage */; };
		B0EFEA6F2E0FC37300B88159 /* GoogleSignIn in Frameworks */ = {isa = PBXBuildFile; productRef = B0EFEA6E2E0FC37300B88159 /* GoogleSignIn */; };
		B0EFEA712E0FC37300B88159 /* GoogleSignInSwift in Frameworks */ = {isa = PBXBuildFile; productRef = B0EFEA702E0FC37300B88159 /* GoogleSignInSwift */; };
/* End PBXBuildFile section */

/* Begin PBXFileReference section */
		B0121DC72E03E34600FAD85D /* Secrets.plist */ = {isa = PBXFileReference; lastKnownFileType = text.plist.xml; path = Secrets.plist; sourceTree = "<group>"; };
		B0F541FD2DF0273F006CD503 /* re-live.app */ = {isa = PBXFileReference; explicitFileType = wrapper.application; includeInIndex = 0; path = "re-live.app"; sourceTree = BUILT_PRODUCTS_DIR; };
/* End PBXFileReference section */

/* Begin PBXFileSystemSynchronizedBuildFileExceptionSet section */
		B0F5420F2DF02740006CD503 /* Exceptions for "re-live" folder in "re-live" target */ = {
			isa = PBXFileSystemSynchronizedBuildFileExceptionSet;
			membershipExceptions = (
				Info.plist,
			);
			target = B0F541FC2DF0273F006CD503 /* re-live */;
		};
/* End PBXFileSystemSynchronizedBuildFileExceptionSet section */

/* Begin PBXFileSystemSynchronizedRootGroup section */
		B0F541FF2DF0273F006CD503 /* re-live */ = {
			isa = PBXFileSystemSynchronizedRootGroup;
			exceptions = (
				B0F5420F2DF02740006CD503 /* Exceptions for "re-live" folder in "re-live" target */,
			);
			path = "re-live";
			sourceTree = "<group>";
		};
/* End PBXFileSystemSynchronizedRootGroup section */

/* Begin PBXFrameworksBuildPhase section */
		B0F541FA2DF0273F006CD503 /* Frameworks */ = {
			isa = PBXFrameworksBuildPhase;
			buildActionMask = 2147483647;
			files = (
				B0EFEA562E0FBD3100B88159 /* FirebaseAnalyticsWithoutAdIdSupport in Frameworks */,
				B01411FE2E12551E00157374 /* KakaoSDK in Frameworks */,
				B0EFEA5C2E0FBD3100B88159 /* FirebaseFirestore in Frameworks */,
				B0EFEA712E0FC37300B88159 /* GoogleSignInSwift in Frameworks */,
				B0EFEA5A2E0FBD3100B88159 /* FirebaseCore in Frameworks */,
				B0EFEA5E2E0FBD3100B88159 /* FirebaseStorage in Frameworks */,
				B0EFEA582E0FBD3100B88159 /* FirebaseAuth in Frameworks */,
				B0EFEA6F2E0FC37300B88159 /* GoogleSignIn in Frameworks */,
				B01412032E1255F000157374 /* KakaoSDKUser in Frameworks */,
				B01412092E13C81A00157374 /* FirebaseFunctions in Frameworks */,
				B01412002E12551E00157374 /* KakaoSDKAuth in Frameworks */,
			);
			runOnlyForDeploymentPostprocessing = 0;
		};
/* End PBXFrameworksBuildPhase section */

/* Begin PBXGroup section */
		B01412012E1255F000157374 /* Frameworks */ = {
			isa = PBXGroup;
			children = (
			);
			name = Frameworks;
			sourceTree = "<group>";
		};
		B0F541F42DF0273E006CD503 = {
			isa = PBXGroup;
			children = (
				B0121DC72E03E34600FAD85D /* Secrets.plist */,
				B0F541FE2DF0273F006CD503 /* Products */,
				B0F541FF2DF0273F006CD503 /* re-live */,
				B01412012E1255F000157374 /* Frameworks */,
			);
			sourceTree = "<group>";
		};
		B0F541FE2DF0273F006CD503 /* Products */ = {
			isa = PBXGroup;
			children = (
				B0F541FD2DF0273F006CD503 /* re-live.app */,
			);
			name = Products;
			sourceTree = "<group>";
		};
/* End PBXGroup section */

/* Begin PBXNativeTarget section */
		B0F541FC2DF0273F006CD503 /* re-live */ = {
			isa = PBXNativeTarget;
			buildConfigurationList = B0F542102DF02740006CD503 /* Build configuration list for PBXNativeTarget "re-live" */;
			buildPhases = (
				B0F541F92DF0273F006CD503 /* Sources */,
				B0F541FA2DF0273F006CD503 /* Frameworks */,
				B0F541FB2DF0273F006CD503 /* Resources */,
			);
			buildRules = (
			);
			dependencies = (
			);
			fileSystemSynchronizedGroups = (
				B0F541FF2DF0273F006CD503 /* re-live */,
			);
			name = "re-live";
			packageProductDependencies = (
				B0EFEA552E0FBD3100B88159 /* FirebaseAnalyticsWithoutAdIdSupport */,
				B0EFEA572E0FBD3100B88159 /* FirebaseAuth */,
				B0EFEA592E0FBD3100B88159 /* FirebaseCore */,
				B0EFEA5B2E0FBD3100B88159 /* FirebaseFirestore */,
				B0EFEA5D2E0FBD3100B88159 /* FirebaseStorage */,
				B0EFEA6E2E0FC37300B88159 /* GoogleSignIn */,
				B0EFEA702E0FC37300B88159 /* GoogleSignInSwift */,
				B01411FD2E12551E00157374 /* KakaoSDK */,
				B01411FF2E12551E00157374 /* KakaoSDKAuth */,
				B01412022E1255F000157374 /* KakaoSDKUser */,
				B01412082E13C81A00157374 /* FirebaseFunctions */,
			);
			productName = "re-live";
			productReference = B0F541FD2DF0273F006CD503 /* re-live.app */;
			productType = "com.apple.product-type.application";
		};
/* End PBXNativeTarget section */

/* Begin PBXProject section */
		B0F541F52DF0273E006CD503 /* Project object */ = {
			isa = PBXProject;
			attributes = {
				BuildIndependentTargetsInParallel = 1;
				LastSwiftUpdateCheck = 1620;
				LastUpgradeCheck = 1620;
				TargetAttributes = {
					B0F541FC2DF0273F006CD503 = {
						CreatedOnToolsVersion = 16.2;
					};
				};
			};
			buildConfigurationList = B0F541F82DF0273E006CD503 /* Build configuration list for PBXProject "re-live" */;
			developmentRegion = en;
			hasScannedForEncodings = 0;
			knownRegions = (
				en,
				Base,
			);
			mainGroup = B0F541F42DF0273E006CD503;
			minimizedProjectReferenceProxies = 1;
			packageReferences = (
				B0EFEA542E0FBD3000B88159 /* XCRemoteSwiftPackageReference "firebase-ios-sdk" */,
				B0EFEA6D2E0FC37300B88159 /* XCRemoteSwiftPackageReference "GoogleSignIn-iOS" */,
				B01411FC2E12551E00157374 /* XCRemoteSwiftPackageReference "kakao-ios-sdk" */,
			);
			preferredProjectObjectVersion = 77;
			productRefGroup = B0F541FE2DF0273F006CD503 /* Products */;
			projectDirPath = "";
			projectRoot = "";
			targets = (
				B0F541FC2DF0273F006CD503 /* re-live */,
			);
		};
/* End PBXProject section */

/* Begin PBXResourcesBuildPhase section */
		B0F541FB2DF0273F006CD503 /* Resources */ = {
			isa = PBXResourcesBuildPhase;
			buildActionMask = 2147483647;
			files = (
				B0121DC82E03E34600FAD85D /* Secrets.plist in Resources */,
			);
			runOnlyForDeploymentPostprocessing = 0;
		};
/* End PBXResourcesBuildPhase section */

/* Begin PBXSourcesBuildPhase section */
		B0F541F92DF0273F006CD503 /* Sources */ = {
			isa = PBXSourcesBuildPhase;
			buildActionMask = 2147483647;
			files = (
			);
			runOnlyForDeploymentPostprocessing = 0;
		};
/* End PBXSourcesBuildPhase section */

/* Begin XCBuildConfiguration section */
		B0F542112DF02740006CD503 /* Debug */ = {
			isa = XCBuildConfiguration;
			baseConfigurationReferenceAnchor = B0F541FF2DF0273F006CD503 /* re-live */;
			baseConfigurationReferenceRelativePath = Config.xcconfig;
			buildSettings = {
				ASSETCATALOG_COMPILER_APPICON_NAME = AppIcon;
				ASSETCATALOG_COMPILER_GLOBAL_ACCENT_COLOR_NAME = AccentColor;
				CODE_SIGN_IDENTITY = "Apple Development";
				CODE_SIGN_STYLE = Automatic;
				CURRENT_PROJECT_VERSION = 1;
				DEVELOPMENT_TEAM = VX5Z2CSCLG;
				GENERATE_INFOPLIST_FILE = YES;
				INFOPLIST_FILE = "re-live/Info.plist";
				INFOPLIST_KEY_UIApplicationSupportsIndirectInputEvents = YES;
				INFOPLIST_KEY_UILaunchStoryboardName = LaunchScreen;
				INFOPLIST_KEY_UISupportedInterfaceOrientations_iPad = "UIInterfaceOrientationPortrait UIInterfaceOrientationPortraitUpsideDown UIInterfaceOrientationLandscapeLeft UIInterfaceOrientationLandscapeRight";
				INFOPLIST_KEY_UISupportedInterfaceOrientations_iPhone = "UIInterfaceOrientationPortrait UIInterfaceOrientationLandscapeLeft UIInterfaceOrientationLandscapeRight";
				LD_RUNPATH_SEARCH_PATHS = (
					"$(inherited)",
					"@executable_path/Frameworks",
				);
				MARKETING_VERSION = 1.0;
				PRODUCT_BUNDLE_IDENTIFIER = "suzie.re-live";
				PRODUCT_NAME = "$(TARGET_NAME)";
				PROVISIONING_PROFILE_SPECIFIER = "";
				SWIFT_EMIT_LOC_STRINGS = YES;
				SWIFT_VERSION = 5.0;
				TARGETED_DEVICE_FAMILY = "1,2";
			};
			name = Debug;
		};
		B0F542122DF02740006CD503 /* Release */ = {
			isa = XCBuildConfiguration;
			buildSettings = {
				ASSETCATALOG_COMPILER_APPICON_NAME = AppIcon;
				ASSETCATALOG_COMPILER_GLOBAL_ACCENT_COLOR_NAME = AccentColor;
				CODE_SIGN_IDENTITY = "Apple Development";
				CODE_SIGN_STYLE = Automatic;
				CURRENT_PROJECT_VERSION = 1;
				DEVELOPMENT_TEAM = VX5Z2CSCLG;
				GENERATE_INFOPLIST_FILE = YES;
				INFOPLIST_FILE = "re-live/Info.plist";
				INFOPLIST_KEY_UIApplicationSupportsIndirectInputEvents = YES;
				INFOPLIST_KEY_UILaunchStoryboardName = LaunchScreen;
				INFOPLIST_KEY_UISupportedInterfaceOrientations_iPad = "UIInterfaceOrientationPortrait UIInterfaceOrientationPortraitUpsideDown UIInterfaceOrientationLandscapeLeft UIInterfaceOrientationLandscapeRight";
				INFOPLIST_KEY_UISupportedInterfaceOrientations_iPhone = "UIInterfaceOrientationPortrait UIInterfaceOrientationLandscapeLeft UIInterfaceOrientationLandscapeRight";
				LD_RUNPATH_SEARCH_PATHS = (
					"$(inherited)",
					"@executable_path/Frameworks",
				);
				MARKETING_VERSION = 1.0;
				PRODUCT_BUNDLE_IDENTIFIER = "suzie.re-live";
				PRODUCT_NAME = "$(TARGET_NAME)";
				PROVISIONING_PROFILE_SPECIFIER = "";
				SWIFT_EMIT_LOC_STRINGS = YES;
				SWIFT_VERSION = 5.0;
				TARGETED_DEVICE_FAMILY = "1,2";
			};
			name = Release;
		};
		B0F542132DF02740006CD503 /* Debug */ = {
			isa = XCBuildConfiguration;
			baseConfigurationReferenceAnchor = B0F541FF2DF0273F006CD503 /* re-live */;
			baseConfigurationReferenceRelativePath = Config.xcconfig;
			buildSettings = {
				ALWAYS_SEARCH_USER_PATHS = NO;
				ASSETCATALOG_COMPILER_GENERATE_SWIFT_ASSET_SYMBOL_EXTENSIONS = YES;
				CLANG_ANALYZER_NONNULL = YES;
				CLANG_ANALYZER_NUMBER_OBJECT_CONVERSION = YES_AGGRESSIVE;
				CLANG_CXX_LANGUAGE_STANDARD = "gnu++20";
				CLANG_ENABLE_MODULES = YES;
				CLANG_ENABLE_OBJC_ARC = YES;
				CLANG_ENABLE_OBJC_WEAK = YES;
				CLANG_WARN_BLOCK_CAPTURE_AUTORELEASING = YES;
				CLANG_WARN_BOOL_CONVERSION = YES;
				CLANG_WARN_COMMA = YES;
				CLANG_WARN_CONSTANT_CONVERSION = YES;
				CLANG_WARN_DEPRECATED_OBJC_IMPLEMENTATIONS = YES;
				CLANG_WARN_DIRECT_OBJC_ISA_USAGE = YES_ERROR;
				CLANG_WARN_DOCUMENTATION_COMMENTS = YES;
				CLANG_WARN_EMPTY_BODY = YES;
				CLANG_WARN_ENUM_CONVERSION = YES;
				CLANG_WARN_INFINITE_RECURSION = YES;
				CLANG_WARN_INT_CONVERSION = YES;
				CLANG_WARN_NON_LITERAL_NULL_CONVERSION = YES;
				CLANG_WARN_OBJC_IMPLICIT_RETAIN_SELF = YES;
				CLANG_WARN_OBJC_LITERAL_CONVERSION = YES;
				CLANG_WARN_OBJC_ROOT_CLASS = YES_ERROR;
				CLANG_WARN_QUOTED_INCLUDE_IN_FRAMEWORK_HEADER = YES;
				CLANG_WARN_RANGE_LOOP_ANALYSIS = YES;
				CLANG_WARN_STRICT_PROTOTYPES = YES;
				CLANG_WARN_SUSPICIOUS_MOVE = YES;
				CLANG_WARN_UNGUARDED_AVAILABILITY = YES_AGGRESSIVE;
				CLANG_WARN_UNREACHABLE_CODE = YES;
				CLANG_WARN__DUPLICATE_METHOD_MATCH = YES;
				COPY_PHASE_STRIP = NO;
				DEBUG_INFORMATION_FORMAT = dwarf;
				ENABLE_STRICT_OBJC_MSGSEND = YES;
				ENABLE_TESTABILITY = YES;
				ENABLE_USER_SCRIPT_SANDBOXING = YES;
				GCC_C_LANGUAGE_STANDARD = gnu17;
				GCC_DYNAMIC_NO_PIC = NO;
				GCC_NO_COMMON_BLOCKS = YES;
				GCC_OPTIMIZATION_LEVEL = 0;
				GCC_PREPROCESSOR_DEFINITIONS = (
					"DEBUG=1",
					"$(inherited)",
				);
				GCC_WARN_64_TO_32_BIT_CONVERSION = YES;
				GCC_WARN_ABOUT_RETURN_TYPE = YES_ERROR;
				GCC_WARN_UNDECLARED_SELECTOR = YES;
				GCC_WARN_UNINITIALIZED_AUTOS = YES_AGGRESSIVE;
				GCC_WARN_UNUSED_FUNCTION = YES;
				GCC_WARN_UNUSED_VARIABLE = YES;
				IPHONEOS_DEPLOYMENT_TARGET = 18.2;
				LOCALIZATION_PREFERS_STRING_CATALOGS = YES;
				MTL_ENABLE_DEBUG_INFO = INCLUDE_SOURCE;
				MTL_FAST_MATH = YES;
				ONLY_ACTIVE_ARCH = YES;
				SDKROOT = iphoneos;
				SWIFT_ACTIVE_COMPILATION_CONDITIONS = "DEBUG $(inherited)";
				SWIFT_OPTIMIZATION_LEVEL = "-Onone";
			};
			name = Debug;
		};
		B0F542142DF02740006CD503 /* Release */ = {
			isa = XCBuildConfiguration;
			buildSettings = {
				ALWAYS_SEARCH_USER_PATHS = NO;
				ASSETCATALOG_COMPILER_GENERATE_SWIFT_ASSET_SYMBOL_EXTENSIONS = YES;
				CLANG_ANALYZER_NONNULL = YES;
				CLANG_ANALYZER_NUMBER_OBJECT_CONVERSION = YES_AGGRESSIVE;
				CLANG_CXX_LANGUAGE_STANDARD = "gnu++20";
				CLANG_ENABLE_MODULES = YES;
				CLANG_ENABLE_OBJC_ARC = YES;
				CLANG_ENABLE_OBJC_WEAK = YES;
				CLANG_WARN_BLOCK_CAPTURE_AUTORELEASING = YES;
				CLANG_WARN_BOOL_CONVERSION = YES;
				CLANG_WARN_COMMA = YES;
				CLANG_WARN_CONSTANT_CONVERSION = YES;
				CLANG_WARN_DEPRECATED_OBJC_IMPLEMENTATIONS = YES;
				CLANG_WARN_DIRECT_OBJC_ISA_USAGE = YES_ERROR;
				CLANG_WARN_DOCUMENTATION_COMMENTS = YES;
				CLANG_WARN_EMPTY_BODY = YES;
				CLANG_WARN_ENUM_CONVERSION = YES;
				CLANG_WARN_INFINITE_RECURSION = YES;
				CLANG_WARN_INT_CONVERSION = YES;
				CLANG_WARN_NON_LITERAL_NULL_CONVERSION = YES;
				CLANG_WARN_OBJC_IMPLICIT_RETAIN_SELF = YES;
				CLANG_WARN_OBJC_LITERAL_CONVERSION = YES;
				CLANG_WARN_OBJC_ROOT_CLASS = YES_ERROR;
				CLANG_WARN_QUOTED_INCLUDE_IN_FRAMEWORK_HEADER = YES;
				CLANG_WARN_RANGE_LOOP_ANALYSIS = YES;
				CLANG_WARN_STRICT_PROTOTYPES = YES;
				CLANG_WARN_SUSPICIOUS_MOVE = YES;
				CLANG_WARN_UNGUARDED_AVAILABILITY = YES_AGGRESSIVE;
				CLANG_WARN_UNREACHABLE_CODE = YES;
				CLANG_WARN__DUPLICATE_METHOD_MATCH = YES;
				COPY_PHASE_STRIP = NO;
				DEBUG_INFORMATION_FORMAT = "dwarf-with-dsym";
				ENABLE_NS_ASSERTIONS = NO;
				ENABLE_STRICT_OBJC_MSGSEND = YES;
				ENABLE_USER_SCRIPT_SANDBOXING = YES;
				GCC_C_LANGUAGE_STANDARD = gnu17;
				GCC_NO_COMMON_BLOCKS = YES;
				GCC_WARN_64_TO_32_BIT_CONVERSION = YES;
				GCC_WARN_ABOUT_RETURN_TYPE = YES_ERROR;
				GCC_WARN_UNDECLARED_SELECTOR = YES;
				GCC_WARN_UNINITIALIZED_AUTOS = YES_AGGRESSIVE;
				GCC_WARN_UNUSED_FUNCTION = YES;
				GCC_WARN_UNUSED_VARIABLE = YES;
				IPHONEOS_DEPLOYMENT_TARGET = 18.2;
				LOCALIZATION_PREFERS_STRING_CATALOGS = YES;
				MTL_ENABLE_DEBUG_INFO = NO;
				MTL_FAST_MATH = YES;
				SDKROOT = iphoneos;
				SWIFT_COMPILATION_MODE = wholemodule;
				VALIDATE_PRODUCT = YES;
			};
			name = Release;
		};
/* End XCBuildConfiguration section */

/* Begin XCConfigurationList section */
		B0F541F82DF0273E006CD503 /* Build configuration list for PBXProject "re-live" */ = {
			isa = XCConfigurationList;
			buildConfigurations = (
				B0F542132DF02740006CD503 /* Debug */,
				B0F542142DF02740006CD503 /* Release */,
			);
			defaultConfigurationIsVisible = 0;
			defaultConfigurationName = Release;
		};
		B0F542102DF02740006CD503 /* Build configuration list for PBXNativeTarget "re-live" */ = {
			isa = XCConfigurationList;
			buildConfigurations = (
				B0F542112DF02740006CD503 /* Debug */,
				B0F542122DF02740006CD503 /* Release */,
			);
			defaultConfigurationIsVisible = 0;
			defaultConfigurationName = Release;
		};
/* End XCConfigurationList section */

/* Begin XCRemoteSwiftPackageReference section */
		B01411FC2E12551E00157374 /* XCRemoteSwiftPackageReference "kakao-ios-sdk" */ = {
			isa = XCRemoteSwiftPackageReference;
			repositoryURL = "https://github.com/kakao/kakao-ios-sdk.git";
			requirement = {
				kind = upToNextMajorVersion;
				minimumVersion = 2.24.4;
			};
		};
		B0EFEA542E0FBD3000B88159 /* XCRemoteSwiftPackageReference "firebase-ios-sdk" */ = {
			isa = XCRemoteSwiftPackageReference;
			repositoryURL = "https://github.com/firebase/firebase-ios-sdk";
			requirement = {
				kind = upToNextMajorVersion;
				minimumVersion = 11.15.0;
			};
		};
		B0EFEA6D2E0FC37300B88159 /* XCRemoteSwiftPackageReference "GoogleSignIn-iOS" */ = {
			isa = XCRemoteSwiftPackageReference;
			repositoryURL = "https://github.com/google/GoogleSignIn-iOS.git";
			requirement = {
				kind = upToNextMajorVersion;
				minimumVersion = 8.0.0;
			};
		};
/* End XCRemoteSwiftPackageReference section */

/* Begin XCSwiftPackageProductDependency section */
		B01411FD2E12551E00157374 /* KakaoSDK */ = {
			isa = XCSwiftPackageProductDependency;
			package = B01411FC2E12551E00157374 /* XCRemoteSwiftPackageReference "kakao-ios-sdk" */;
			productName = KakaoSDK;
		};
		B01411FF2E12551E00157374 /* KakaoSDKAuth */ = {
			isa = XCSwiftPackageProductDependency;
			package = B01411FC2E12551E00157374 /* XCRemoteSwiftPackageReference "kakao-ios-sdk" */;
			productName = KakaoSDKAuth;
		};
		B01412022E1255F000157374 /* KakaoSDKUser */ = {
			isa = XCSwiftPackageProductDependency;
			package = B01411FC2E12551E00157374 /* XCRemoteSwiftPackageReference "kakao-ios-sdk" */;
			productName = KakaoSDKUser;
		};
		B01412082E13C81A00157374 /* FirebaseFunctions */ = {
			isa = XCSwiftPackageProductDependency;
			package = B0EFEA542E0FBD3000B88159 /* XCRemoteSwiftPackageReference "firebase-ios-sdk" */;
			productName = FirebaseFunctions;
		};
		B0EFEA552E0FBD3100B88159 /* FirebaseAnalyticsWithoutAdIdSupport */ = {
			isa = XCSwiftPackageProductDependency;
			package = B0EFEA542E0FBD3000B88159 /* XCRemoteSwiftPackageReference "firebase-ios-sdk" */;
			productName = FirebaseAnalyticsWithoutAdIdSupport;
		};
		B0EFEA572E0FBD3100B88159 /* FirebaseAuth */ = {
			isa = XCSwiftPackageProductDependency;
			package = B0EFEA542E0FBD3000B88159 /* XCRemoteSwiftPackageReference "firebase-ios-sdk" */;
			productName = FirebaseAuth;
		};
		B0EFEA592E0FBD3100B88159 /* FirebaseCore */ = {
			isa = XCSwiftPackageProductDependency;
			package = B0EFEA542E0FBD3000B88159 /* XCRemoteSwiftPackageReference "firebase-ios-sdk" */;
			productName = FirebaseCore;
		};
		B0EFEA5B2E0FBD3100B88159 /* FirebaseFirestore */ = {
			isa = XCSwiftPackageProductDependency;
			package = B0EFEA542E0FBD3000B88159 /* XCRemoteSwiftPackageReference "firebase-ios-sdk" */;
			productName = FirebaseFirestore;
		};
		B0EFEA5D2E0FBD3100B88159 /* FirebaseStorage */ = {
			isa = XCSwiftPackageProductDependency;
			package = B0EFEA542E0FBD3000B88159 /* XCRemoteSwiftPackageReference "firebase-ios-sdk" */;
			productName = FirebaseStorage;
		};
		B0EFEA6E2E0FC37300B88159 /* GoogleSignIn */ = {
			isa = XCSwiftPackageProductDependency;
			package = B0EFEA6D2E0FC37300B88159 /* XCRemoteSwiftPackageReference "GoogleSignIn-iOS" */;
			productName = GoogleSignIn;
		};
		B0EFEA702E0FC37300B88159 /* GoogleSignInSwift */ = {
			isa = XCSwiftPackageProductDependency;
			package = B0EFEA6D2E0FC37300B88159 /* XCRemoteSwiftPackageReference "GoogleSignIn-iOS" */;
			productName = GoogleSignInSwift;
		};
/* End XCSwiftPackageProductDependency section */
	};
	rootObject = B0F541F52DF0273E006CD503 /* Project object */;
}
